<Solution>
  <Folder Name="/src/">
    <Project Path="src/Fides/Fides.fsproj" />
    <Project Path="src/Fides.Arca/Fides.Arca.fsproj" />
    <Project Path="src/Fides.Client/Fides.Client.fsproj" />
    <Project Path="src/Fides.Hosting/Fides.Hosting.fsproj" />
    <Project Path="src/Fides.Hosting.Aws/Fides.Hosting.Aws.fsproj" />
  </Folder>
  <Folder Name="/tests/">
    <Project Path="tests/Fides.Acceptance/Fides.Acceptance.fsproj" />
    <Project Path="tests/Fides.Tests/Fides.Tests.fsproj" />
    <Project Path="tests/Fides.Hosting.Aws.Tests/Fides.Hosting.Aws.Tests.fsproj" />
  </Folder>
</Solution>
